{
  "nodes": {
    "crt": {
      "inputs": {
        "nixpkgs": [
          "nixpkgs"
        ]
      },
      "locked": {
        "lastModified": 1718816551,
        "narHash": "sha256-yH3yL8oF67j33/zJKT8BXCjz3FjhzzmKobBw3l/Jd+Y=",
        "owner": "spitulax",
        "repo": "crt",
        "rev": "cc1e8778ab23454561569c736f6114954a3d4ef9",
        "type": "github"
      },
      "original": {
        "owner": "spitulax",
        "repo": "crt",
        "type": "github"
      }
    },
    "crt_2": {
      "inputs": {
        "nixpkgs": [
          "pasteme",
          "mypkgs",
          "nixpkgs"
        ]
      },
      "locked": {
        "lastModified": 1718816551,
        "narHash": "sha256-yH3yL8oF67j33/zJKT8BXCjz3FjhzzmKobBw3l/Jd+Y=",
        "owner": "spitulax",
        "repo": "crt",
        "rev": "cc1e8778ab23454561569c736f6114954a3d4ef9",
        "type": "github"
      },
      "original": {
        "owner": "spitulax",
        "repo": "crt",
        "type": "github"
      }
    },
    "flake-compat": {
      "flake": false,
      "locked": {
        "lastModified": 1696426674,
        "narHash": "sha256-kvjfFW7WAETZlt09AgDn1MrtKzP7t90Vf7vypd3OL1U=",
        "owner": "edolstra",
        "repo": "flake-compat",
        "rev": "0f9255e01c2351cc7d116c072cb317785dd33b33",
        "type": "github"
      },
      "original": {
        "owner": "edolstra",
        "repo": "flake-compat",
        "type": "github"
      }
    },
    "flake-compat_2": {
      "flake": false,
      "locked": {
        "lastModified": 1696426674,
        "narHash": "sha256-kvjfFW7WAETZlt09AgDn1MrtKzP7t90Vf7vypd3OL1U=",
        "owner": "edolstra",
        "repo": "flake-compat",
        "rev": "0f9255e01c2351cc7d116c072cb317785dd33b33",
        "type": "github"
      },
      "original": {
        "owner": "edolstra",
        "repo": "flake-compat",
        "type": "github"
      }
    },
    "gripper": {
      "inputs": {
        "nixpkgs": [
          "nixpkgs"
        ]
      },
      "locked": {
        "lastModified": 1720026102,
        "narHash": "sha256-oZA0CsVUpCDBqUvXTA7XVy5BoaPenmMObQjIMN79MPo=",
        "owner": "spitulax",
        "repo": "gripper",
        "rev": "98e3116473045e1d7a7909c3224f6ff61f639a6f",
        "type": "github"
      },
      "original": {
        "owner": "spitulax",
        "repo": "gripper",
        "type": "github"
      }
    },
    "gripper_2": {
      "inputs": {
        "nixpkgs": [
          "pasteme",
          "mypkgs",
          "nixpkgs"
        ]
      },
      "locked": {
        "lastModified": 1720026102,
        "narHash": "sha256-oZA0CsVUpCDBqUvXTA7XVy5BoaPenmMObQjIMN79MPo=",
        "owner": "spitulax",
        "repo": "gripper",
        "rev": "98e3116473045e1d7a7909c3224f6ff61f639a6f",
        "type": "github"
      },
      "original": {
        "owner": "spitulax",
        "repo": "gripper",
        "type": "github"
      }
    },
    "hyprgraphics": {
      "inputs": {
        "hyprutils": [
          "hyprlock",
          "hyprutils"
        ],
        "nixpkgs": [
          "hyprlock",
          "nixpkgs"
        ],
        "systems": [
          "hyprlock",
          "systems"
        ]
      },
      "locked": {
        "lastModified": 1732808127,
        "narHash": "sha256-jwqYmLVfvoLPu8UScEzZgdbbiNU3ioYcrsthjEEnGqI=",
        "owner": "hyprwm",
        "repo": "hyprgraphics",
        "rev": "4d927a52be7e15e0846456f2aa1b0ad76b5bf059",
        "type": "github"
      },
      "original": {
        "owner": "hyprwm",
        "repo": "hyprgraphics",
        "type": "github"
      }
    },
    "hyprgraphics_2": {
      "inputs": {
        "hyprutils": [
          "hyprpaper",
          "hyprutils"
        ],
        "nixpkgs": [
          "hyprpaper",
          "nixpkgs"
        ],
        "systems": [
          "hyprpaper",
          "systems"
        ]
      },
      "locked": {
        "lastModified": 1732808127,
        "narHash": "sha256-jwqYmLVfvoLPu8UScEzZgdbbiNU3ioYcrsthjEEnGqI=",
        "owner": "hyprwm",
        "repo": "hyprgraphics",
        "rev": "4d927a52be7e15e0846456f2aa1b0ad76b5bf059",
        "type": "github"
      },
      "original": {
        "owner": "hyprwm",
        "repo": "hyprgraphics",
        "type": "github"
      }
    },
    "hyprlang": {
      "inputs": {
        "hyprutils": [
          "hyprutils"
        ],
        "nixpkgs": [
          "nixpkgs"
        ],
        "systems": [
          "systems"
        ]
      },
      "locked": {
        "lastModified": 1728168612,
        "narHash": "sha256-AnB1KfiXINmuiW7BALYrKqcjCnsLZPifhb/7BsfPbns=",
        "owner": "hyprwm",
        "repo": "hyprlang",
        "rev": "f054f2e44d6a0b74607a6bc0f52dba337a3db38e",
        "type": "github"
      },
      "original": {
        "owner": "hyprwm",
        "repo": "hyprlang",
        "type": "github"
      }
    },
    "hyprlang_2": {
      "inputs": {
        "hyprutils": [
          "pasteme",
          "mypkgs",
          "hyprlock",
          "hyprutils"
        ],
        "nixpkgs": [
          "pasteme",
          "mypkgs",
          "hyprlock",
          "nixpkgs"
        ],
        "systems": [
          "pasteme",
          "mypkgs",
          "hyprlock",
          "systems"
        ]
      },
      "locked": {
        "lastModified": 1721324361,
        "narHash": "sha256-BiJKO0IIdnSwHQBSrEJlKlFr753urkLE48wtt0UhNG4=",
        "owner": "hyprwm",
        "repo": "hyprlang",
        "rev": "adbefbf49664a6c2c8bf36b6487fd31e3eb68086",
        "type": "github"
      },
      "original": {
        "owner": "hyprwm",
        "repo": "hyprlang",
        "type": "github"
      }
    },
    "hyprlock": {
      "inputs": {
        "hyprgraphics": "hyprgraphics",
        "hyprlang": [
          "hyprlang"
        ],
        "hyprutils": [
          "hyprutils"
        ],
        "nixpkgs": [
          "nixpkgs"
        ],
        "systems": [
          "systems"
        ]
      },
      "locked": {
        "lastModified": 1732812191,
        "narHash": "sha256-/gYMXqhjvOcjhaYjzb1iqjpoCDqO5lkkqjG93oMMo60=",
        "owner": "hyprwm",
        "repo": "hyprlock",
        "rev": "4667f721be47ff6f5cf2a7ee64513f818fb764a0",
        "type": "github"
      },
      "original": {
        "owner": "hyprwm",
        "repo": "hyprlock",
        "type": "github"
      }
    },
    "hyprlock_2": {
      "inputs": {
        "hyprlang": "hyprlang_2",
        "hyprutils": "hyprutils_2",
        "nixpkgs": [
          "pasteme",
          "mypkgs",
          "nixpkgs"
        ],
        "systems": "systems"
      },
      "locked": {
        "lastModified": 1728661487,
        "narHash": "sha256-4PiVL3GGz5kSWrt5QX+/7LTymyJ49VQ3JvSdKnZuZto=",
        "owner": "hyprwm",
        "repo": "hyprlock",
        "rev": "7362ce3435afd1fffd2c81d5d7f58996f496b533",
        "type": "github"
      },
      "original": {
        "owner": "hyprwm",
        "repo": "hyprlock",
        "type": "github"
      }
    },
    "hyprpaper": {
      "inputs": {
        "hyprgraphics": "hyprgraphics_2",
        "hyprlang": [
          "hyprlang"
        ],
        "hyprutils": [
          "hyprutils"
        ],
        "hyprwayland-scanner": [
          "hyprwayland-scanner"
        ],
        "nixpkgs": [
          "nixpkgs"
        ],
        "systems": [
          "systems"
        ]
      },
      "locked": {
        "lastModified": 1732809500,
        "narHash": "sha256-CW4r78WhaHtFJN6L+heBztj02ucxthBPgUzFeUZ+yVw=",
        "owner": "hyprwm",
        "repo": "hyprpaper",
        "rev": "a3ceb20095c1fae9acb10c37713caf2df28f3ec9",
        "type": "github"
      },
      "original": {
        "owner": "hyprwm",
        "repo": "hyprpaper",
        "type": "github"
      }
    },
    "hyprpicker": {
      "inputs": {
        "hyprutils": [
          "hyprutils"
        ],
        "hyprwayland-scanner": [
          "hyprwayland-scanner"
        ],
        "nixpkgs": [
          "nixpkgs"
        ],
        "systems": [
          "systems"
        ]
      },
      "locked": {
        "lastModified": 1732810179,
        "narHash": "sha256-J39wjWN4+dxjwf8Fw5yv1aVcbkOg7oQi42zVY4ZxJMU=",
        "owner": "hyprwm",
        "repo": "hyprpicker",
        "rev": "d26cb2f4396e4fd3477f5f12131c87c2f5002ab7",
        "type": "github"
      },
      "original": {
        "owner": "hyprwm",
        "repo": "hyprpicker",
        "type": "github"
      }
    },
    "hyprpolkitagent": {
      "inputs": {
        "hyprutils": [
          "hyprutils"
        ],
        "nixpkgs": [
          "nixpkgs"
        ],
        "systems": [
          "systems"
        ]
      },
      "locked": {
        "lastModified": 1732837454,
        "narHash": "sha256-ypAWttGiVu8nKAiVY7kR12fWlf4RJknHvwo36ZG14Wo=",
        "owner": "hyprwm",
        "repo": "hyprpolkitagent",
        "rev": "b2cdeba9a49dc20a78eba256c1ffb4ea17d679f4",
        "type": "github"
      },
      "original": {
        "owner": "hyprwm",
        "repo": "hyprpolkitagent",
        "type": "github"
      }
    },
    "hyprutils": {
      "inputs": {
        "nixpkgs": [
          "nixpkgs"
        ],
        "systems": [
          "systems"
        ]
      },
      "locked": {
        "lastModified": 1732288281,
        "narHash": "sha256-XTU9B53IjGeJiJ7LstOhuxcRjCOFkQFl01H78sT9Lg4=",
        "owner": "hyprwm",
        "repo": "hyprutils",
        "rev": "b26f33cc1c8a7fd5076e19e2cce3f062dca6351c",
        "type": "github"
      },
      "original": {
        "owner": "hyprwm",
        "repo": "hyprutils",
        "type": "github"
      }
    },
    "hyprutils_2": {
      "inputs": {
        "nixpkgs": [
          "pasteme",
          "mypkgs",
          "hyprlock",
          "nixpkgs"
        ],
        "systems": [
          "pasteme",
          "mypkgs",
          "hyprlock",
          "systems"
        ]
      },
      "locked": {
        "lastModified": 1721324102,
        "narHash": "sha256-WAZ0X6yJW1hFG6otkHBfyJDKRpNP5stsRqdEuHrFRpk=",
        "owner": "hyprwm",
        "repo": "hyprutils",
        "rev": "962582a090bc233c4de9d9897f46794280288989",
        "type": "github"
      },
      "original": {
        "owner": "hyprwm",
        "repo": "hyprutils",
        "type": "github"
      }
    },
    "hyprwayland-scanner": {
      "inputs": {
        "nixpkgs": [
          "nixpkgs"
        ],
        "systems": [
          "systems"
        ]
      },
      "locked": {
        "lastModified": 1726874836,
        "narHash": "sha256-VKR0sf0PSNCB0wPHVKSAn41mCNVCnegWmgkrneKDhHM=",
        "owner": "hyprwm",
        "repo": "hyprwayland-scanner",
        "rev": "500c81a9e1a76760371049a8d99e008ea77aa59e",
        "type": "github"
      },
      "original": {
        "owner": "hyprwm",
        "repo": "hyprwayland-scanner",
        "type": "github"
      }
    },
    "mypkgs": {
      "inputs": {
        "crt": "crt_2",
        "gripper": "gripper_2",
        "hyprlock": "hyprlock_2",
        "nixpkgs": "nixpkgs_2",
        "ols": "ols_2",
        "waybar": "waybar"
      },
      "locked": {
        "lastModified": 1728734814,
        "narHash": "sha256-C8Eu7kBRg59hZFR0VpSBJ3u7hQ11yNFk6tNYYz64IDw=",
        "owner": "spitulax",
        "repo": "mypkgs",
        "rev": "d3567a57382b6e1d2c029c55981e0520b573a68e",
        "type": "github"
      },
      "original": {
        "owner": "spitulax",
        "repo": "mypkgs",
        "type": "github"
      }
    },
    "nixpkgs": {
      "locked": {
        "lastModified": 1732521221,
        "narHash": "sha256-2ThgXBUXAE1oFsVATK1ZX9IjPcS4nKFOAjhPNKuiMn0=",
        "owner": "nixos",
        "repo": "nixpkgs",
        "rev": "4633a7c72337ea8fd23a4f2ba3972865e3ec685d",
        "type": "github"
      },
      "original": {
        "owner": "nixos",
        "ref": "nixos-unstable",
        "repo": "nixpkgs",
        "type": "github"
      }
    },
    "nixpkgs_2": {
      "locked": {
        "lastModified": 1728492678,
        "narHash": "sha256-9UTxR8eukdg+XZeHgxW5hQA9fIKHsKCdOIUycTryeVw=",
        "owner": "nixos",
        "repo": "nixpkgs",
        "rev": "5633bcff0c6162b9e4b5f1264264611e950c8ec7",
        "type": "github"
      },
      "original": {
        "owner": "nixos",
        "ref": "nixos-unstable",
        "repo": "nixpkgs",
        "type": "github"
      }
    },
    "ols": {
      "flake": false,
      "locked": {
        "lastModified": 1731847932,
        "narHash": "sha256-F+j2ioNFbgwPtUWqPT1HDUUBpq8GXDeChfhOhzgk99E=",
        "owner": "DanielGavin",
        "repo": "ols",
        "rev": "7acc1632eccd91e64ce45051d53f82a281abb071",
        "type": "github"
      },
      "original": {
        "owner": "DanielGavin",
        "repo": "ols",
        "type": "github"
      }
    },
    "ols_2": {
      "flake": false,
      "locked": {
        "lastModified": 1728400625,
        "narHash": "sha256-TK/vx7YM5iNq/Xq0vKA/HaekXu7yO5+Ys9zVW86X0kU=",
        "owner": "DanielGavin",
        "repo": "ols",
        "rev": "77dfb5b356eee7dce0a31e53b4254208d3ca3da5",
        "type": "github"
      },
      "original": {
        "owner": "DanielGavin",
        "repo": "ols",
        "type": "github"
      }
    },
    "pasteme": {
      "inputs": {
        "mypkgs": "mypkgs",
        "nixpkgs": [
          "nixpkgs"
        ]
      },
      "locked": {
        "lastModified": 1732239461,
        "narHash": "sha256-If396P23deIxbTb0syTbpC3ljbUpI/AXJQzVMigSVmY=",
        "owner": "spitulax",
        "repo": "pasteme",
        "rev": "61a8aa7ddd10bf91b02d09b2eff54feb455bab22",
        "type": "github"
      },
      "original": {
        "owner": "spitulax",
        "repo": "pasteme",
        "type": "github"
      }
    },
    "root": {
      "inputs": {
        "crt": "crt",
        "gripper": "gripper",
        "hyprlang": "hyprlang",
        "hyprlock": "hyprlock",
        "hyprpaper": "hyprpaper",
        "hyprpicker": "hyprpicker",
        "hyprpolkitagent": "hyprpolkitagent",
        "hyprutils": "hyprutils",
        "hyprwayland-scanner": "hyprwayland-scanner",
        "nixpkgs": "nixpkgs",
        "ols": "ols",
        "pasteme": "pasteme",
        "systems": "systems_2",
        "waybar": "waybar_2"
      }
    },
    "systems": {
      "locked": {
        "lastModified": 1689347949,
        "narHash": "sha256-12tWmuL2zgBgZkdoB6qXZsgJEH9LR3oUgpaQq2RbI80=",
        "owner": "nix-systems",
        "repo": "default-linux",
        "rev": "31732fcf5e8fea42e59c2488ad31a0e651500f68",
        "type": "github"
      },
      "original": {
        "owner": "nix-systems",
        "repo": "default-linux",
        "type": "github"
      }
    },
    "systems_2": {
      "locked": {
        "lastModified": 1689347949,
        "narHash": "sha256-12tWmuL2zgBgZkdoB6qXZsgJEH9LR3oUgpaQq2RbI80=",
        "owner": "nix-systems",
        "repo": "default-linux",
        "rev": "31732fcf5e8fea42e59c2488ad31a0e651500f68",
        "type": "github"
      },
      "original": {
        "owner": "nix-systems",
        "repo": "default-linux",
        "type": "github"
      }
    },
    "waybar": {
      "inputs": {
        "flake-compat": "flake-compat",
        "nixpkgs": [
          "pasteme",
          "mypkgs",
          "nixpkgs"
        ]
      },
      "locked": {
        "lastModified": 1726213871,
        "narHash": "sha256-3lc0voMU5RS+mEtxKuRayq/uJO09X7byq6Rm5NZohq8=",
        "owner": "Alexays",
        "repo": "Waybar",
        "rev": "d56dd6ee7fdf8c5ba4e90790af62b7f7829d3a47",
        "type": "github"
      },
      "original": {
        "owner": "Alexays",
        "ref": "0.11.0",
        "repo": "Waybar",
        "type": "github"
      }
    },
    "waybar_2": {
      "inputs": {
        "flake-compat": "flake-compat_2",
        "nixpkgs": [
          "nixpkgs"
        ]
      },
      "locked": {
        "lastModified": 1732089758,
        "narHash": "sha256-5uRSlSdsfCudEFanhXJ8cRV+U18QZdu2cWYjIzeOvEs=",
        "owner": "Alexays",
        "repo": "Waybar",
        "rev": "20ca48c3b863a8b11dc149161a3e6e33ce97eea5",
        "type": "github"
      },
      "original": {
        "owner": "Alexays",
        "repo": "Waybar",
        "type": "github"
      }
    }
  },
  "root": "root",
  "version": 7
}
