{
  "nodes": {
    "crt": {
      "inputs": {
        "nixpkgs": [
          "nixpkgs"
        ]
      },
      "locked": {
        "lastModified": 1718816551,
        "narHash": "sha256-yH3yL8oF67j33/zJKT8BXCjz3FjhzzmKobBw3l/Jd+Y=",
        "owner": "spitulax",
        "repo": "crt",
        "rev": "cc1e8778ab23454561569c736f6114954a3d4ef9",
        "type": "github"
      },
      "original": {
        "owner": "spitulax",
        "repo": "crt",
        "type": "github"
      }
    },
    "flake-compat": {
      "flake": false,
      "locked": {
        "lastModified": 1696426674,
        "narHash": "sha256-kvjfFW7WAETZlt09AgDn1MrtKzP7t90Vf7vypd3OL1U=",
        "owner": "edolstra",
        "repo": "flake-compat",
        "rev": "0f9255e01c2351cc7d116c072cb317785dd33b33",
        "type": "github"
      },
      "original": {
        "owner": "edolstra",
        "repo": "flake-compat",
        "type": "github"
      }
    },
    "gripper": {
      "inputs": {
        "nixpkgs": [
          "nixpkgs"
        ]
      },
      "locked": {
        "lastModified": 1720026102,
        "narHash": "sha256-oZA0CsVUpCDBqUvXTA7XVy5BoaPenmMObQjIMN79MPo=",
        "owner": "spitulax",
        "repo": "gripper",
        "rev": "98e3116473045e1d7a7909c3224f6ff61f639a6f",
        "type": "github"
      },
      "original": {
        "owner": "spitulax",
        "repo": "gripper",
        "type": "github"
      }
    },
    "hyprlang": {
      "inputs": {
        "hyprutils": [
          "hyprlock",
          "hyprutils"
        ],
        "nixpkgs": [
          "hyprlock",
          "nixpkgs"
        ],
        "systems": [
          "hyprlock",
          "systems"
        ]
      },
      "locked": {
        "lastModified": 1717881852,
        "narHash": "sha256-XeeVoKHQgfKuXoP6q90sUqKyl7EYy3ol2dVZGM+Jj94=",
        "owner": "hyprwm",
        "repo": "hyprlang",
        "rev": "ec6938c66253429192274d612912649a0cfe4d28",
        "type": "github"
      },
      "original": {
        "owner": "hyprwm",
        "repo": "hyprlang",
        "type": "github"
      }
    },
    "hyprlock": {
      "inputs": {
        "hyprlang": "hyprlang",
        "hyprutils": "hyprutils",
        "nixpkgs": [
          "nixpkgs"
        ],
        "systems": "systems"
      },
      "locked": {
        "lastModified": 1720109085,
        "narHash": "sha256-NILSaE2xkB4lns9c8BAgrhTdjm1j5QWW3CXQORvfHZE=",
        "owner": "hyprwm",
        "repo": "hyprlock",
        "rev": "9737bf64849bb490198a959fc98565041e290ac2",
        "type": "github"
      },
      "original": {
        "owner": "hyprwm",
        "repo": "hyprlock",
        "type": "github"
      }
    },
    "hyprutils": {
      "inputs": {
        "nixpkgs": [
          "hyprlock",
          "nixpkgs"
        ],
        "systems": [
          "hyprlock",
          "systems"
        ]
      },
      "locked": {
        "lastModified": 1717881334,
        "narHash": "sha256-a0inRgJhPL6v9v7RPM/rx1kbXdfe3xJA1c9z0ZkYnh4=",
        "owner": "hyprwm",
        "repo": "hyprutils",
        "rev": "0693f9398ab693d89c9a0aa3b3d062dd61b7a60e",
        "type": "github"
      },
      "original": {
        "owner": "hyprwm",
        "repo": "hyprutils",
        "type": "github"
      }
    },
    "nixpkgs": {
      "locked": {
        "lastModified": 1720031269,
        "narHash": "sha256-rwz8NJZV+387rnWpTYcXaRNvzUSnnF9aHONoJIYmiUQ=",
        "owner": "nixos",
        "repo": "nixpkgs",
        "rev": "9f4128e00b0ae8ec65918efeba59db998750ead6",
        "type": "github"
      },
      "original": {
        "owner": "nixos",
        "ref": "nixos-unstable",
        "repo": "nixpkgs",
        "type": "github"
      }
    },
    "odin": {
      "flake": false,
      "locked": {
        "lastModified": 1720180729,
        "narHash": "sha256-T/oPlx6Vv/U3H8dSE1/mByGgru/Sv871mMHp/Hy5KfE=",
        "owner": "odin-lang",
        "repo": "Odin",
        "rev": "ecffe5a0826617d0a45843721707461034cb5cdc",
        "type": "github"
      },
      "original": {
        "owner": "odin-lang",
        "repo": "Odin",
        "type": "github"
      }
    },
    "ols": {
      "flake": false,
      "locked": {
        "lastModified": 1719863726,
        "narHash": "sha256-WowbFsec8oZVPTMDefQJYOb4GfH3xa40bN3P9AIjflE=",
        "owner": "DanielGavin",
        "repo": "ols",
        "rev": "ee368d473146d33e89f9be9f754fd6d0ee08ecc6",
        "type": "github"
      },
      "original": {
        "owner": "DanielGavin",
        "repo": "ols",
        "type": "github"
      }
    },
    "root": {
      "inputs": {
        "crt": "crt",
        "gripper": "gripper",
        "hyprlock": "hyprlock",
        "nixpkgs": "nixpkgs",
        "odin": "odin",
        "ols": "ols",
        "waybar": "waybar"
      }
    },
    "systems": {
      "locked": {
        "lastModified": 1689347949,
        "narHash": "sha256-12tWmuL2zgBgZkdoB6qXZsgJEH9LR3oUgpaQq2RbI80=",
        "owner": "nix-systems",
        "repo": "default-linux",
        "rev": "31732fcf5e8fea42e59c2488ad31a0e651500f68",
        "type": "github"
      },
      "original": {
        "owner": "nix-systems",
        "repo": "default-linux",
        "type": "github"
      }
    },
    "waybar": {
      "inputs": {
        "flake-compat": "flake-compat",
        "nixpkgs": [
          "nixpkgs"
        ]
      },
      "locked": {
        "lastModified": 1719988875,
        "narHash": "sha256-CGbGKSnby5YY3qOsWEXdvTWl5W4T8jUrCvbHmEHHQgE=",
        "owner": "Alexays",
        "repo": "Waybar",
        "rev": "6f994c849d6ee36ae3e24dd17c7cef1a7f288e94",
        "type": "github"
      },
      "original": {
        "owner": "Alexays",
        "repo": "Waybar",
        "type": "github"
      }
    }
  },
  "root": "root",
  "version": 7
}
